// !$*UTF8*$!
{
	archiveVersion = 1;
	classes = {
	};
	objectVersion = 56;
	objects = {

/* Begin PBXBuildFile section */
		CAC534FC29D5E430000594B6 /* SUPERQuizApp.swift in Sources */ = {isa = PBXBuildFile; fileRef = CAC534FB29D5E430000594B6 /* SUPERQuizApp.swift */; };
		CAC5350229D5E430000594B6 /* Assets.xcassets in Resources */ = {isa = PBXBuildFile; fileRef = CAC5350129D5E430000594B6 /* Assets.xcassets */; };
		CAC5350529D5E430000594B6 /* Preview Assets.xcassets in Resources */ = {isa = PBXBuildFile; fileRef = CAC5350429D5E430000594B6 /* Preview Assets.xcassets */; };
		CAC5350D29D5E48F000594B6 /* MainView.swift in Sources */ = {isa = PBXBuildFile; fileRef = CAC5350C29D5E48F000594B6 /* MainView.swift */; };
		CAC5350F29D5ED40000594B6 /* GameView.swift in Sources */ = {isa = PBXBuildFile; fileRef = CAC5350E29D5ED40000594B6 /* GameView.swift */; };
		CAC5351129D5ED49000594B6 /* AboutAppView.swift in Sources */ = {isa = PBXBuildFile; fileRef = CAC5351029D5ED49000594B6 /* AboutAppView.swift */; };
		CAC5351329D5ED52000594B6 /* RulesView.swift in Sources */ = {isa = PBXBuildFile; fileRef = CAC5351229D5ED52000594B6 /* RulesView.swift */; };
		CAC5351529D5F2DA000594B6 /* GameViewModel.swift in Sources */ = {isa = PBXBuildFile; fileRef = CAC5351429D5F2DA000594B6 /* GameViewModel.swift */; };
		CAC5351829D5F2FA000594B6 /* LevelData.swift in Sources */ = {isa = PBXBuildFile; fileRef = CAC5351729D5F2FA000594B6 /* LevelData.swift */; };
		CAC5351A29D5FEE7000594B6 /* LevelManager.swift in Sources */ = {isa = PBXBuildFile; fileRef = CAC5351929D5FEE7000594B6 /* LevelManager.swift */; };
/* End PBXBuildFile section */

/* Begin PBXFileReference section */
		CAC534F829D5E430000594B6 /* SUPERQuiz.app */ = {isa = PBXFileReference; explicitFileType = wrapper.application; includeInIndex = 0; path = SUPERQuiz.app; sourceTree = BUILT_PRODUCTS_DIR; };
		CAC534FB29D5E430000594B6 /* SUPERQuizApp.swift */ = {isa = PBXFileReference; lastKnownFileType = sourcecode.swift; path = SUPERQuizApp.swift; sourceTree = "<group>"; };
		CAC5350129D5E430000594B6 /* Assets.xcassets */ = {isa = PBXFileReference; lastKnownFileType = folder.assetcatalog; path = Assets.xcassets; sourceTree = "<group>"; };
		CAC5350429D5E430000594B6 /* Preview Assets.xcassets */ = {isa = PBXFileReference; lastKnownFileType = folder.assetcatalog; path = "Preview Assets.xcassets"; sourceTree = "<group>"; };
		CAC5350629D5E430000594B6 /* Info.plist */ = {isa = PBXFileReference; lastKnownFileType = text.plist.xml; path = Info.plist; sourceTree = "<group>"; };
		CAC5350C29D5E48F000594B6 /* MainView.swift */ = {isa = PBXFileReference; lastKnownFileType = sourcecode.swift; path = MainView.swift; sourceTree = "<group>"; };
		CAC5350E29D5ED40000594B6 /* GameView.swift */ = {isa = PBXFileReference; lastKnownFileType = sourcecode.swift; path = GameView.swift; sourceTree = "<group>"; };
		CAC5351029D5ED49000594B6 /* AboutAppView.swift */ = {isa = PBXFileReference; lastKnownFileType = sourcecode.swift; path = AboutAppView.swift; sourceTree = "<group>"; };
		CAC5351229D5ED52000594B6 /* RulesView.swift */ = {isa = PBXFileReference; lastKnownFileType = sourcecode.swift; path = RulesView.swift; sourceTree = "<group>"; };
		CAC5351429D5F2DA000594B6 /* GameViewModel.swift */ = {isa = PBXFileReference; lastKnownFileType = sourcecode.swift; path = GameViewModel.swift; sourceTree = "<group>"; };
		CAC5351729D5F2FA000594B6 /* LevelData.swift */ = {isa = PBXFileReference; lastKnownFileType = sourcecode.swift; path = LevelData.swift; sourceTree = "<group>"; };
		CAC5351929D5FEE7000594B6 /* LevelManager.swift */ = {isa = PBXFileReference; lastKnownFileType = sourcecode.swift; path = LevelManager.swift; sourceTree = "<group>"; };
/* End PBXFileReference section */

/* Begin PBXFrameworksBuildPhase section */
		CAC534F529D5E430000594B6 /* Frameworks */ = {
			isa = PBXFrameworksBuildPhase;
			buildActionMask = 2147483647;
			files = (
			);
			runOnlyForDeploymentPostprocessing = 0;
		};
/* End PBXFrameworksBuildPhase section */

/* Begin PBXGroup section */
		CAC534EF29D5E42F000594B6 = {
			isa = PBXGroup;
			children = (
				CAC534FA29D5E430000594B6 /* SUPERQuiz */,
				CAC534F929D5E430000594B6 /* Products */,
			);
			sourceTree = "<group>";
		};
		CAC534F929D5E430000594B6 /* Products */ = {
			isa = PBXGroup;
			children = (
				CAC534F829D5E430000594B6 /* SUPERQuiz.app */,
			);
			name = Products;
			sourceTree = "<group>";
		};
		CAC534FA29D5E430000594B6 /* SUPERQuiz */ = {
			isa = PBXGroup;
			children = (
				CAC5351629D5F2DE000594B6 /* Game */,
				CAC534FB29D5E430000594B6 /* SUPERQuizApp.swift */,
				CAC5350129D5E430000594B6 /* Assets.xcassets */,
				CAC5350629D5E430000594B6 /* Info.plist */,
				CAC5350329D5E430000594B6 /* Preview Content */,
				CAC5350C29D5E48F000594B6 /* MainView.swift */,
				CAC5351029D5ED49000594B6 /* AboutAppView.swift */,
				CAC5351229D5ED52000594B6 /* RulesView.swift */,
			);
			path = SUPERQuiz;
			sourceTree = "<group>";
		};
		CAC5350329D5E430000594B6 /* Preview Content */ = {
			isa = PBXGroup;
			children = (
				CAC5350429D5E430000594B6 /* Preview Assets.xcassets */,
			);
			path = "Preview Content";
			sourceTree = "<group>";
		};
		CAC5351629D5F2DE000594B6 /* Game */ = {
			isa = PBXGroup;
			children = (
				CAC5350E29D5ED40000594B6 /* GameView.swift */,
				CAC5351429D5F2DA000594B6 /* GameViewModel.swift */,
				CAC5351729D5F2FA000594B6 /* LevelData.swift */,
				CAC5351929D5FEE7000594B6 /* LevelManager.swift */,
			);
			path = Game;
			sourceTree = "<group>";
		};
/* End PBXGroup section */

/* Begin PBXNativeTarget section */
		CAC534F729D5E430000594B6 /* SUPERQuiz */ = {
			isa = PBXNativeTarget;
			buildConfigurationList = CAC5350929D5E430000594B6 /* Build configuration list for PBXNativeTarget "SUPERQuiz" */;
			buildPhases = (
				CAC534F429D5E430000594B6 /* Sources */,
				CAC534F529D5E430000594B6 /* Frameworks */,
				CAC534F629D5E430000594B6 /* Resources */,
			);
			buildRules = (
			);
			dependencies = (
			);
			name = SUPERQuiz;
			productName = SUPERQuiz;
			productReference = CAC534F829D5E430000594B6 /* SUPERQuiz.app */;
			productType = "com.apple.product-type.application";
		};
/* End PBXNativeTarget section */

/* Begin PBXProject section */
		CAC534F029D5E42F000594B6 /* Project object */ = {
			isa = PBXProject;
			attributes = {
				BuildIndependentTargetsInParallel = 1;
				LastSwiftUpdateCheck = 1420;
				LastUpgradeCheck = 1420;
				TargetAttributes = {
					CAC534F729D5E430000594B6 = {
						CreatedOnToolsVersion = 14.2;
					};
				};
			};
			buildConfigurationList = CAC534F329D5E42F000594B6 /* Build configuration list for PBXProject "SUPERQuiz" */;
			compatibilityVersion = "Xcode 14.0";
			developmentRegion = en;
			hasScannedForEncodings = 0;
			knownRegions = (
				en,
				Base,
			);
			mainGroup = CAC534EF29D5E42F000594B6;
			productRefGroup = CAC534F929D5E430000594B6 /* Products */;
			projectDirPath = "";
			projectRoot = "";
			targets = (
				CAC534F729D5E430000594B6 /* SUPERQuiz */,
			);
		};
/* End PBXProject section */

/* Begin PBXResourcesBuildPhase section */
		CAC534F629D5E430000594B6 /* Resources */ = {
			isa = PBXResourcesBuildPhase;
			buildActionMask = 2147483647;
			files = (
				CAC5350529D5E430000594B6 /* Preview Assets.xcassets in Resources */,
				CAC5350229D5E430000594B6 /* Assets.xcassets in Resources */,
			);
			runOnlyForDeploymentPostprocessing = 0;
		};
/* End PBXResourcesBuildPhase section */

/* Begin PBXSourcesBuildPhase section */
		CAC534F429D5E430000594B6 /* Sources */ = {
			isa = PBXSourcesBuildPhase;
			buildActionMask = 2147483647;
			files = (
				CAC5351A29D5FEE7000594B6 /* LevelManager.swift in Sources */,
				CAC5351529D5F2DA000594B6 /* GameViewModel.swift in Sources */,
				CAC5351829D5F2FA000594B6 /* LevelData.swift in Sources */,
				CAC5351129D5ED49000594B6 /* AboutAppView.swift in Sources */,
				CAC5351329D5ED52000594B6 /* RulesView.swift in Sources */,
				CAC534FC29D5E430000594B6 /* SUPERQuizApp.swift in Sources */,
				CAC5350F29D5ED40000594B6 /* GameView.swift in Sources */,
				CAC5350D29D5E48F000594B6 /* MainView.swift in Sources */,
			);
			runOnlyForDeploymentPostprocessing = 0;
		};
/* End PBXSourcesBuildPhase section */

/* Begin XCBuildConfiguration section */
		CAC5350729D5E430000594B6 /* Debug */ = {
			isa = XCBuildConfiguration;
			buildSettings = {
				ALWAYS_SEARCH_USER_PATHS = NO;
				CLANG_ANALYZER_NONNULL = YES;
				CLANG_ANALYZER_NUMBER_OBJECT_CONVERSION = YES_AGGRESSIVE;
				CLANG_CXX_LANGUAGE_STANDARD = "gnu++20";
				CLANG_ENABLE_MODULES = YES;
				CLANG_ENABLE_OBJC_ARC = YES;
				CLANG_ENABLE_OBJC_WEAK = YES;
				CLANG_WARN_BLOCK_CAPTURE_AUTORELEASING = YES;
				CLANG_WARN_BOOL_CONVERSION = YES;
				CLANG_WARN_COMMA = YES;
				CLANG_WARN_CONSTANT_CONVERSION = YES;
				CLANG_WARN_DEPRECATED_OBJC_IMPLEMENTATIONS = YES;
				CLANG_WARN_DIRECT_OBJC_ISA_USAGE = YES_ERROR;
				CLANG_WARN_DOCUMENTATION_COMMENTS = YES;
				CLANG_WARN_EMPTY_BODY = YES;
				CLANG_WARN_ENUM_CONVERSION = YES;
				CLANG_WARN_INFINITE_RECURSION = YES;
				CLANG_WARN_INT_CONVERSION = YES;
				CLANG_WARN_NON_LITERAL_NULL_CONVERSION = YES;
				CLANG_WARN_OBJC_IMPLICIT_RETAIN_SELF = YES;
				CLANG_WARN_OBJC_LITERAL_CONVERSION = YES;
				CLANG_WARN_OBJC_ROOT_CLASS = YES_ERROR;
				CLANG_WARN_QUOTED_INCLUDE_IN_FRAMEWORK_HEADER = YES;
				CLANG_WARN_RANGE_LOOP_ANALYSIS = YES;
				CLANG_WARN_STRICT_PROTOTYPES = YES;
				CLANG_WARN_SUSPICIOUS_MOVE = YES;
				CLANG_WARN_UNGUARDED_AVAILABILITY = YES_AGGRESSIVE;
				CLANG_WARN_UNREACHABLE_CODE = YES;
				CLANG_WARN__DUPLICATE_METHOD_MATCH = YES;
				COPY_PHASE_STRIP = NO;
				DEBUG_INFORMATION_FORMAT = dwarf;
				ENABLE_STRICT_OBJC_MSGSEND = YES;
				ENABLE_TESTABILITY = YES;
				GCC_C_LANGUAGE_STANDARD = gnu11;
				GCC_DYNAMIC_NO_PIC = NO;
				GCC_NO_COMMON_BLOCKS = YES;
				GCC_OPTIMIZATION_LEVEL = 0;
				GCC_PREPROCESSOR_DEFINITIONS = (
					"DEBUG=1",
					"$(inherited)",
				);
				GCC_WARN_64_TO_32_BIT_CONVERSION = YES;
				GCC_WARN_ABOUT_RETURN_TYPE = YES_ERROR;
				GCC_WARN_UNDECLARED_SELECTOR = YES;
				GCC_WARN_UNINITIALIZED_AUTOS = YES_AGGRESSIVE;
				GCC_WARN_UNUSED_FUNCTION = YES;
				GCC_WARN_UNUSED_VARIABLE = YES;
				IPHONEOS_DEPLOYMENT_TARGET = 16.2;
				MTL_ENABLE_DEBUG_INFO = INCLUDE_SOURCE;
				MTL_FAST_MATH = YES;
				ONLY_ACTIVE_ARCH = YES;
				SDKROOT = iphoneos;
				SWIFT_ACTIVE_COMPILATION_CONDITIONS = DEBUG;
				SWIFT_OPTIMIZATION_LEVEL = "-Onone";
			};
			name = Debug;
		};
		CAC5350829D5E430000594B6 /* Release */ = {
			isa = XCBuildConfiguration;
			buildSettings = {
				ALWAYS_SEARCH_USER_PATHS = NO;
				CLANG_ANALYZER_NONNULL = YES;
				CLANG_ANALYZER_NUMBER_OBJECT_CONVERSION = YES_AGGRESSIVE;
				CLANG_CXX_LANGUAGE_STANDARD = "gnu++20";
				CLANG_ENABLE_MODULES = YES;
				CLANG_ENABLE_OBJC_ARC = YES;
				CLANG_ENABLE_OBJC_WEAK = YES;
				CLANG_WARN_BLOCK_CAPTURE_AUTORELEASING = YES;
				CLANG_WARN_BOOL_CONVERSION = YES;
				CLANG_WARN_COMMA = YES;
				CLANG_WARN_CONSTANT_CONVERSION = YES;
				CLANG_WARN_DEPRECATED_OBJC_IMPLEMENTATIONS = YES;
				CLANG_WARN_DIRECT_OBJC_ISA_USAGE = YES_ERROR;
				CLANG_WARN_DOCUMENTATION_COMMENTS = YES;
				CLANG_WARN_EMPTY_BODY = YES;
				CLANG_WARN_ENUM_CONVERSION = YES;
				CLANG_WARN_INFINITE_RECURSION = YES;
				CLANG_WARN_INT_CONVERSION = YES;
				CLANG_WARN_NON_LITERAL_NULL_CONVERSION = YES;
				CLANG_WARN_OBJC_IMPLICIT_RETAIN_SELF = YES;
				CLANG_WARN_OBJC_LITERAL_CONVERSION = YES;
				CLANG_WARN_OBJC_ROOT_CLASS = YES_ERROR;
				CLANG_WARN_QUOTED_INCLUDE_IN_FRAMEWORK_HEADER = YES;
				CLANG_WARN_RANGE_LOOP_ANALYSIS = YES;
				CLANG_WARN_STRICT_PROTOTYPES = YES;
				CLANG_WARN_SUSPICIOUS_MOVE = YES;
				CLANG_WARN_UNGUARDED_AVAILABILITY = YES_AGGRESSIVE;
				CLANG_WARN_UNREACHABLE_CODE = YES;
				CLANG_WARN__DUPLICATE_METHOD_MATCH = YES;
				COPY_PHASE_STRIP = NO;
				DEBUG_INFORMATION_FORMAT = "dwarf-with-dsym";
				ENABLE_NS_ASSERTIONS = NO;
				ENABLE_STRICT_OBJC_MSGSEND = YES;
				GCC_C_LANGUAGE_STANDARD = gnu11;
				GCC_NO_COMMON_BLOCKS = YES;
				GCC_WARN_64_TO_32_BIT_CONVERSION = YES;
				GCC_WARN_ABOUT_RETURN_TYPE = YES_ERROR;
				GCC_WARN_UNDECLARED_SELECTOR = YES;
				GCC_WARN_UNINITIALIZED_AUTOS = YES_AGGRESSIVE;
				GCC_WARN_UNUSED_FUNCTION = YES;
				GCC_WARN_UNUSED_VARIABLE = YES;
				IPHONEOS_DEPLOYMENT_TARGET = 16.2;
				MTL_ENABLE_DEBUG_INFO = NO;
				MTL_FAST_MATH = YES;
				SDKROOT = iphoneos;
				SWIFT_COMPILATION_MODE = wholemodule;
				SWIFT_OPTIMIZATION_LEVEL = "-O";
				VALIDATE_PRODUCT = YES;
			};
			name = Release;
		};
		CAC5350A29D5E430000594B6 /* Debug */ = {
			isa = XCBuildConfiguration;
			buildSettings = {
				ASSETCATALOG_COMPILER_APPICON_NAME = AppIcon;
				ASSETCATALOG_COMPILER_GLOBAL_ACCENT_COLOR_NAME = AccentColor;
				CODE_SIGN_STYLE = Automatic;
				CURRENT_PROJECT_VERSION = 1;
				DEVELOPMENT_ASSET_PATHS = "\"SUPERQuiz/Preview Content\"";
				DEVELOPMENT_TEAM = 7SBRYDY69A;
				ENABLE_PREVIEWS = YES;
				GENERATE_INFOPLIST_FILE = YES;
				INFOPLIST_FILE = SUPERQuiz/Info.plist;
				INFOPLIST_KEY_UIApplicationSceneManifest_Generation = YES;
				INFOPLIST_KEY_UIApplicationSupportsIndirectInputEvents = YES;
				INFOPLIST_KEY_UILaunchScreen_Generation = YES;
				INFOPLIST_KEY_UISupportedInterfaceOrientations_iPad = "UIInterfaceOrientationPortrait UIInterfaceOrientationPortraitUpsideDown UIInterfaceOrientationLandscapeLeft UIInterfaceOrientationLandscapeRight";
				INFOPLIST_KEY_UISupportedInterfaceOrientations_iPhone = "UIInterfaceOrientationPortrait UIInterfaceOrientationLandscapeLeft UIInterfaceOrientationLandscapeRight";
				INFOPLIST_KEY_UISupportsDocumentBrowser = YES;
				LD_RUNPATH_SEARCH_PATHS = (
					"$(inherited)",
					"@executable_path/Frameworks",
				);
				MARKETING_VERSION = 1.0;
				PRODUCT_BUNDLE_IDENTIFIER = sk.sebastianMraz.SUPERQuiz;
				PRODUCT_NAME = "$(TARGET_NAME)";
				SWIFT_EMIT_LOC_STRINGS = YES;
				SWIFT_VERSION = 5.0;
				TARGETED_DEVICE_FAMILY = "1,2";
			};
			name = Debug;
		};
		CAC5350B29D5E430000594B6 /* Release */ = {
			isa = XCBuildConfiguration;
			buildSettings = {
				ASSETCATALOG_COMPILER_APPICON_NAME = AppIcon;
				ASSETCATALOG_COMPILER_GLOBAL_ACCENT_COLOR_NAME = AccentColor;
				CODE_SIGN_STYLE = Automatic;
				CURRENT_PROJECT_VERSION = 1;
				DEVELOPMENT_ASSET_PATHS = "\"SUPERQuiz/Preview Content\"";
				DEVELOPMENT_TEAM = 7SBRYDY69A;
				ENABLE_PREVIEWS = YES;
				GENERATE_INFOPLIST_FILE = YES;
				INFOPLIST_FILE = SUPERQuiz/Info.plist;
				INFOPLIST_KEY_UIApplicationSceneManifest_Generation = YES;
				INFOPLIST_KEY_UIApplicationSupportsIndirectInputEvents = YES;
				INFOPLIST_KEY_UILaunchScreen_Generation = YES;
				INFOPLIST_KEY_UISupportedInterfaceOrientations_iPad = "UIInterfaceOrientationPortrait UIInterfaceOrientationPortraitUpsideDown UIInterfaceOrientationLandscapeLeft UIInterfaceOrientationLandscapeRight";
				INFOPLIST_KEY_UISupportedInterfaceOrientations_iPhone = "UIInterfaceOrientationPortrait UIInterfaceOrientationLandscapeLeft UIInterfaceOrientationLandscapeRight";
				INFOPLIST_KEY_UISupportsDocumentBrowser = YES;
				LD_RUNPATH_SEARCH_PATHS = (
					"$(inherited)",
					"@executable_path/Frameworks",
				);
				MARKETING_VERSION = 1.0;
				PRODUCT_BUNDLE_IDENTIFIER = sk.sebastianMraz.SUPERQuiz;
				PRODUCT_NAME = "$(TARGET_NAME)";
				SWIFT_EMIT_LOC_STRINGS = YES;
				SWIFT_VERSION = 5.0;
				TARGETED_DEVICE_FAMILY = "1,2";
			};
			name = Release;
		};
/* End XCBuildConfiguration section */

/* Begin XCConfigurationList section */
		CAC534F329D5E42F000594B6 /* Build configuration list for PBXProject "SUPERQuiz" */ = {
			isa = XCConfigurationList;
			buildConfigurations = (
				CAC5350729D5E430000594B6 /* Debug */,
				CAC5350829D5E430000594B6 /* Release */,
			);
			defaultConfigurationIsVisible = 0;
			defaultConfigurationName = Release;
		};
		CAC5350929D5E430000594B6 /* Build configuration list for PBXNativeTarget "SUPERQuiz" */ = {
			isa = XCConfigurationList;
			buildConfigurations = (
				CAC5350A29D5E430000594B6 /* Debug */,
				CAC5350B29D5E430000594B6 /* Release */,
			);
			defaultConfigurationIsVisible = 0;
			defaultConfigurationName = Release;
		};
/* End XCConfigurationList section */
	};
	rootObject = CAC534F029D5E42F000594B6 /* Project object */;
}
